
Microsoft Visual Studio Solution File, Format Version 12.00
# Visual Studio 15
VisualStudioVersion = 15.0.28010.2050
MinimumVisualStudioVersion = 10.0.40219.1
Project("{9A19103F-16F7-4668-BE54-9A1E7A4F7556}") = "MovieApp.API", "MovieApp.API\MovieApp.API.csproj", "{788AA647-E7A4-4205-B5A6-3229EF08FBF0}"
EndProject
Global
	GlobalSection(SolutionConfigurationPlatforms) = preSolution
		Debug|Any CPU = Debug|Any CPU
		Release|Any CPU = Release|Any CPU
	EndGlobalSection
	GlobalSection(ProjectConfigurationPlatforms) = postSolution
		{788AA647-E7A4-4205-B5A6-3229EF08FBF0}.Debug|Any CPU.ActiveCfg = Debug|Any CPU
		{788AA647-E7A4-4205-B5A6-3229EF08FBF0}.Debug|Any CPU.Build.0 = Debug|Any CPU
		{788AA647-E7A4-4205-B5A6-3229EF08FBF0}.Release|Any CPU.ActiveCfg = Release|Any CPU
		{788AA647-E7A4-4205-B5A6-3229EF08FBF0}.Release|Any CPU.Build.0 = Release|Any CPU
	EndGlobalSection
	GlobalSection(SolutionProperties) = preSolution
		HideSolutionNode = FALSE
	EndGlobalSection
	GlobalSection(ExtensibilityGlobals) = postSolution
		SolutionGuid = {2386DBAD-70D1-4456-9561-EA5F7B129FFE}
	EndGlobalSection
EndGlobal
